
Microsoft Visual Studio Solution File, Format Version 12.00
# Visual Studio Version 17
VisualStudioVersion = 17.5.33627.172
MinimumVisualStudioVersion = 10.0.40219.1
Project("{FAE04EC0-301F-11D3-BF4B-00C04F79EFBC}") = "UI", "UI.csproj", "{6AEE13C1-2097-43B4-9B8A-1F42A17E7F06}"
EndProject
Project("{FAE04EC0-301F-11D3-BF4B-00C04F79EFBC}") = "Business", "Business\Business.csproj", "{24A0DC57-6E10-47EC-BEE3-AB9654E434A9}"
EndProject
Global
	GlobalSection(SolutionConfigurationPlatforms) = preSolution
		Debug|Any CPU = Debug|Any CPU
		Release|Any CPU = Release|Any CPU
	EndGlobalSection
	GlobalSection(ProjectConfigurationPlatforms) = postSolution
		{6AEE13C1-2097-43B4-9B8A-1F42A17E7F06}.Debug|Any CPU.ActiveCfg = Debug|Any CPU
		{6AEE13C1-2097-43B4-9B8A-1F42A17E7F06}.Debug|Any CPU.Build.0 = Debug|Any CPU
		{6AEE13C1-2097-43B4-9B8A-1F42A17E7F06}.Release|Any CPU.ActiveCfg = Release|Any CPU
		{6AEE13C1-2097-43B4-9B8A-1F42A17E7F06}.Release|Any CPU.Build.0 = Release|Any CPU
		{24A0DC57-6E10-47EC-BEE3-AB9654E434A9}.Debug|Any CPU.ActiveCfg = Debug|Any CPU
		{24A0DC57-6E10-47EC-BEE3-AB9654E434A9}.Debug|Any CPU.Build.0 = Debug|Any CPU
		{24A0DC57-6E10-47EC-BEE3-AB9654E434A9}.Release|Any CPU.ActiveCfg = Release|Any CPU
		{24A0DC57-6E10-47EC-BEE3-AB9654E434A9}.Release|Any CPU.Build.0 = Release|Any CPU
	EndGlobalSection
	GlobalSection(SolutionProperties) = preSolution
		HideSolutionNode = FALSE
	EndGlobalSection
	GlobalSection(ExtensibilityGlobals) = postSolution
		SolutionGuid = {268DD7F1-1079-4A62-AC9E-BAC940357C59}
	EndGlobalSection
EndGlobal
